// !$*UTF8*$!
{
	archiveVersion = 1;
	classes = {
	};
	objectVersion = 46;
	objects = {

/* Begin PBXBuildFile section */
		2B1DAAA11B9F031500A382B7 /* NavigationControllerMenu.swift in Sources */ = {isa = PBXBuildFile; fileRef = 2B1DAAA01B9F031500A382B7 /* NavigationControllerMenu.swift */; };
		2B1DAAA31B9F03AF00A382B7 /* MyMenuTableViewController.swift in Sources */ = {isa = PBXBuildFile; fileRef = 2B1DAAA21B9F03AF00A382B7 /* MyMenuTableViewController.swift */; };
		2B492F001BA1EE4B000516E0 /* MediaPlayer.framework in Frameworks */ = {isa = PBXBuildFile; fileRef = 2B492EFF1BA1EE4B000516E0 /* MediaPlayer.framework */; };
		2B54D1771B9EFCB300AC5990 /* ENSideMenu.swift in Sources */ = {isa = PBXBuildFile; fileRef = 2B54D1751B9EFCB300AC5990 /* ENSideMenu.swift */; };
		2B54D1781B9EFCB300AC5990 /* ENSideMenuNavigationController.swift in Sources */ = {isa = PBXBuildFile; fileRef = 2B54D1761B9EFCB300AC5990 /* ENSideMenuNavigationController.swift */; };
		2B554E7A1BA26065002CBB1D /* DonationTableViewController.swift in Sources */ = {isa = PBXBuildFile; fileRef = 2B554E791BA26065002CBB1D /* DonationTableViewController.swift */; };
		2B6B63C61B9DD2BB005DD91F /* AppDelegate.swift in Sources */ = {isa = PBXBuildFile; fileRef = 2B6B63C51B9DD2BB005DD91F /* AppDelegate.swift */; };
		2B6B63C81B9DD2BB005DD91F /* ViewController.swift in Sources */ = {isa = PBXBuildFile; fileRef = 2B6B63C71B9DD2BB005DD91F /* ViewController.swift */; };
		2B6B63CB1B9DD2BB005DD91F /* Main.storyboard in Resources */ = {isa = PBXBuildFile; fileRef = 2B6B63C91B9DD2BB005DD91F /* Main.storyboard */; };
		2B6B63CD1B9DD2BB005DD91F /* Images.xcassets in Resources */ = {isa = PBXBuildFile; fileRef = 2B6B63CC1B9DD2BB005DD91F /* Images.xcassets */; };
		2B6B63D01B9DD2BB005DD91F /* LaunchScreen.xib in Resources */ = {isa = PBXBuildFile; fileRef = 2B6B63CE1B9DD2BB005DD91F /* LaunchScreen.xib */; };
		2B6B63DC1B9DD2BB005DD91F /* KrowdTests.swift in Sources */ = {isa = PBXBuildFile; fileRef = 2B6B63DB1B9DD2BB005DD91F /* KrowdTests.swift */; };
		2BC1536F1BA28BD800A69CFB /* DonationDetail.swift in Sources */ = {isa = PBXBuildFile; fileRef = 2BC1536E1BA28BD800A69CFB /* DonationDetail.swift */; };
		2BC153731BA28E0800A69CFB /* DetailDonationViewController.swift in Sources */ = {isa = PBXBuildFile; fileRef = 2BC153721BA28E0800A69CFB /* DetailDonationViewController.swift */; };
/* End PBXBuildFile section */

/* Begin PBXContainerItemProxy section */
		2B6B63D61B9DD2BB005DD91F /* PBXContainerItemProxy */ = {
			isa = PBXContainerItemProxy;
			containerPortal = 2B6B63B81B9DD2BB005DD91F /* Project object */;
			proxyType = 1;
			remoteGlobalIDString = 2B6B63BF1B9DD2BB005DD91F;
			remoteInfo = Krowd;
		};
/* End PBXContainerItemProxy section */

/* Begin PBXFileReference section */
		2B1DAAA01B9F031500A382B7 /* NavigationControllerMenu.swift */ = {isa = PBXFileReference; fileEncoding = 4; lastKnownFileType = sourcecode.swift; path = NavigationControllerMenu.swift; sourceTree = "<group>"; };
		2B1DAAA21B9F03AF00A382B7 /* MyMenuTableViewController.swift */ = {isa = PBXFileReference; fileEncoding = 4; lastKnownFileType = sourcecode.swift; path = MyMenuTableViewController.swift; sourceTree = "<group>"; };
		2B492EFF1BA1EE4B000516E0 /* MediaPlayer.framework */ = {isa = PBXFileReference; lastKnownFileType = wrapper.framework; name = MediaPlayer.framework; path = System/Library/Frameworks/MediaPlayer.framework; sourceTree = SDKROOT; };
		2B54D1751B9EFCB300AC5990 /* ENSideMenu.swift */ = {isa = PBXFileReference; fileEncoding = 4; lastKnownFileType = sourcecode.swift; path = ENSideMenu.swift; sourceTree = "<group>"; };
		2B54D1761B9EFCB300AC5990 /* ENSideMenuNavigationController.swift */ = {isa = PBXFileReference; fileEncoding = 4; lastKnownFileType = sourcecode.swift; path = ENSideMenuNavigationController.swift; sourceTree = "<group>"; };
		2B554E791BA26065002CBB1D /* DonationTableViewController.swift */ = {isa = PBXFileReference; fileEncoding = 4; lastKnownFileType = sourcecode.swift; path = DonationTableViewController.swift; sourceTree = "<group>"; };
		2B6B63C01B9DD2BB005DD91F /* Krowd.app */ = {isa = PBXFileReference; explicitFileType = wrapper.application; includeInIndex = 0; path = Krowd.app; sourceTree = BUILT_PRODUCTS_DIR; };
		2B6B63C41B9DD2BB005DD91F /* Info.plist */ = {isa = PBXFileReference; lastKnownFileType = text.plist.xml; path = Info.plist; sourceTree = "<group>"; };
		2B6B63C51B9DD2BB005DD91F /* AppDelegate.swift */ = {isa = PBXFileReference; lastKnownFileType = sourcecode.swift; path = AppDelegate.swift; sourceTree = "<group>"; };
		2B6B63C71B9DD2BB005DD91F /* ViewController.swift */ = {isa = PBXFileReference; lastKnownFileType = sourcecode.swift; path = ViewController.swift; sourceTree = "<group>"; };
		2B6B63CA1B9DD2BB005DD91F /* Base */ = {isa = PBXFileReference; lastKnownFileType = file.storyboard; name = Base; path = Base.lproj/Main.storyboard; sourceTree = "<group>"; };
		2B6B63CC1B9DD2BB005DD91F /* Images.xcassets */ = {isa = PBXFileReference; lastKnownFileType = folder.assetcatalog; path = Images.xcassets; sourceTree = "<group>"; };
		2B6B63CF1B9DD2BB005DD91F /* Base */ = {isa = PBXFileReference; lastKnownFileType = file.xib; name = Base; path = Base.lproj/LaunchScreen.xib; sourceTree = "<group>"; };
		2B6B63D51B9DD2BB005DD91F /* KrowdTests.xctest */ = {isa = PBXFileReference; explicitFileType = wrapper.cfbundle; includeInIndex = 0; path = KrowdTests.xctest; sourceTree = BUILT_PRODUCTS_DIR; };
		2B6B63DA1B9DD2BB005DD91F /* Info.plist */ = {isa = PBXFileReference; lastKnownFileType = text.plist.xml; path = Info.plist; sourceTree = "<group>"; };
		2B6B63DB1B9DD2BB005DD91F /* KrowdTests.swift */ = {isa = PBXFileReference; lastKnownFileType = sourcecode.swift; path = KrowdTests.swift; sourceTree = "<group>"; };
		2B9BABFC1BA25C8400B465A0 /* vidlol.mp4 */ = {isa = PBXFileReference; lastKnownFileType = file; path = vidlol.mp4; sourceTree = "<group>"; };
		2BC1536E1BA28BD800A69CFB /* DonationDetail.swift */ = {isa = PBXFileReference; fileEncoding = 4; lastKnownFileType = sourcecode.swift; path = DonationDetail.swift; sourceTree = "<group>"; };
		2BC153721BA28E0800A69CFB /* DetailDonationViewController.swift */ = {isa = PBXFileReference; fileEncoding = 4; lastKnownFileType = sourcecode.swift; path = DetailDonationViewController.swift; sourceTree = "<group>"; };
/* End PBXFileReference section */

/* Begin PBXFrameworksBuildPhase section */
		2B6B63BD1B9DD2BB005DD91F /* Frameworks */ = {
			isa = PBXFrameworksBuildPhase;
			buildActionMask = 2147483647;
			files = (
				2B492F001BA1EE4B000516E0 /* MediaPlayer.framework in Frameworks */,
			);
			runOnlyForDeploymentPostprocessing = 0;
		};
		2B6B63D21B9DD2BB005DD91F /* Frameworks */ = {
			isa = PBXFrameworksBuildPhase;
			buildActionMask = 2147483647;
			files = (
			);
			runOnlyForDeploymentPostprocessing = 0;
		};
/* End PBXFrameworksBuildPhase section */

/* Begin PBXGroup section */
		2B54D1791B9EFDB500AC5990 /* Library */ = {
			isa = PBXGroup;
			children = (
				2B54D1751B9EFCB300AC5990 /* ENSideMenu.swift */,
				2B54D1761B9EFCB300AC5990 /* ENSideMenuNavigationController.swift */,
			);
			name = Library;
			sourceTree = "<group>";
		};
		2B6B63B71B9DD2BB005DD91F = {
			isa = PBXGroup;
			children = (
				2B492EFF1BA1EE4B000516E0 /* MediaPlayer.framework */,
				2B6B63C21B9DD2BB005DD91F /* Krowd */,
				2B6B63D81B9DD2BB005DD91F /* KrowdTests */,
				2B6B63C11B9DD2BB005DD91F /* Products */,
			);
			sourceTree = "<group>";
		};
		2B6B63C11B9DD2BB005DD91F /* Products */ = {
			isa = PBXGroup;
			children = (
				2B6B63C01B9DD2BB005DD91F /* Krowd.app */,
				2B6B63D51B9DD2BB005DD91F /* KrowdTests.xctest */,
			);
			name = Products;
			sourceTree = "<group>";
		};
		2B6B63C21B9DD2BB005DD91F /* Krowd */ = {
			isa = PBXGroup;
			children = (
				2B54D1791B9EFDB500AC5990 /* Library */,
				2B6B63C51B9DD2BB005DD91F /* AppDelegate.swift */,
				2BC1536E1BA28BD800A69CFB /* DonationDetail.swift */,
				2B1DAAA21B9F03AF00A382B7 /* MyMenuTableViewController.swift */,
				2B554E791BA26065002CBB1D /* DonationTableViewController.swift */,
				2B6B63C71B9DD2BB005DD91F /* ViewController.swift */,
				2B1DAAA01B9F031500A382B7 /* NavigationControllerMenu.swift */,
				2BC153721BA28E0800A69CFB /* DetailDonationViewController.swift */,
				2B6B63C91B9DD2BB005DD91F /* Main.storyboard */,
				2B9BABFC1BA25C8400B465A0 /* vidlol.mp4 */,
				2B6B63CC1B9DD2BB005DD91F /* Images.xcassets */,
				2B6B63CE1B9DD2BB005DD91F /* LaunchScreen.xib */,
				2B6B63C31B9DD2BB005DD91F /* Supporting Files */,
			);
			path = Krowd;
			sourceTree = "<group>";
		};
		2B6B63C31B9DD2BB005DD91F /* Supporting Files */ = {
			isa = PBXGroup;
			children = (
				2B6B63C41B9DD2BB005DD91F /* Info.plist */,
			);
			name = "Supporting Files";
			sourceTree = "<group>";
		};
		2B6B63D81B9DD2BB005DD91F /* KrowdTests */ = {
			isa = PBXGroup;
			children = (
				2B6B63DB1B9DD2BB005DD91F /* KrowdTests.swift */,
				2B6B63D91B9DD2BB005DD91F /* Supporting Files */,
			);
			path = KrowdTests;
			sourceTree = "<group>";
		};
		2B6B63D91B9DD2BB005DD91F /* Supporting Files */ = {
			isa = PBXGroup;
			children = (
				2B6B63DA1B9DD2BB005DD91F /* Info.plist */,
			);
			name = "Supporting Files";
			sourceTree = "<group>";
		};
/* End PBXGroup section */

/* Begin PBXNativeTarget section */
		2B6B63BF1B9DD2BB005DD91F /* Krowd */ = {
			isa = PBXNativeTarget;
			buildConfigurationList = 2B6B63DF1B9DD2BB005DD91F /* Build configuration list for PBXNativeTarget "Krowd" */;
			buildPhases = (
				2B6B63BC1B9DD2BB005DD91F /* Sources */,
				2B6B63BD1B9DD2BB005DD91F /* Frameworks */,
				2B6B63BE1B9DD2BB005DD91F /* Resources */,
			);
			buildRules = (
			);
			dependencies = (
			);
			name = Krowd;
			productName = Krowd;
			productReference = 2B6B63C01B9DD2BB005DD91F /* Krowd.app */;
			productType = "com.apple.product-type.application";
		};
		2B6B63D41B9DD2BB005DD91F /* KrowdTests */ = {
			isa = PBXNativeTarget;
			buildConfigurationList = 2B6B63E21B9DD2BB005DD91F /* Build configuration list for PBXNativeTarget "KrowdTests" */;
			buildPhases = (
				2B6B63D11B9DD2BB005DD91F /* Sources */,
				2B6B63D21B9DD2BB005DD91F /* Frameworks */,
				2B6B63D31B9DD2BB005DD91F /* Resources */,
			);
			buildRules = (
			);
			dependencies = (
				2B6B63D71B9DD2BB005DD91F /* PBXTargetDependency */,
			);
			name = KrowdTests;
			productName = KrowdTests;
			productReference = 2B6B63D51B9DD2BB005DD91F /* KrowdTests.xctest */;
			productType = "com.apple.product-type.bundle.unit-test";
		};
/* End PBXNativeTarget section */

/* Begin PBXProject section */
		2B6B63B81B9DD2BB005DD91F /* Project object */ = {
			isa = PBXProject;
			attributes = {
				LastUpgradeCheck = 0640;
				ORGANIZATIONNAME = "Gil Felot";
				TargetAttributes = {
					2B6B63BF1B9DD2BB005DD91F = {
						CreatedOnToolsVersion = 6.4;
					};
					2B6B63D41B9DD2BB005DD91F = {
						CreatedOnToolsVersion = 6.4;
						TestTargetID = 2B6B63BF1B9DD2BB005DD91F;
					};
				};
			};
			buildConfigurationList = 2B6B63BB1B9DD2BB005DD91F /* Build configuration list for PBXProject "Krowd" */;
			compatibilityVersion = "Xcode 3.2";
			developmentRegion = English;
			hasScannedForEncodings = 0;
			knownRegions = (
				en,
				Base,
			);
			mainGroup = 2B6B63B71B9DD2BB005DD91F;
			productRefGroup = 2B6B63C11B9DD2BB005DD91F /* Products */;
			projectDirPath = "";
			projectRoot = "";
			targets = (
				2B6B63BF1B9DD2BB005DD91F /* Krowd */,
				2B6B63D41B9DD2BB005DD91F /* KrowdTests */,
			);
		};
/* End PBXProject section */

/* Begin PBXResourcesBuildPhase section */
		2B6B63BE1B9DD2BB005DD91F /* Resources */ = {
			isa = PBXResourcesBuildPhase;
			buildActionMask = 2147483647;
			files = (
				2B6B63CB1B9DD2BB005DD91F /* Main.storyboard in Resources */,
				2B6B63D01B9DD2BB005DD91F /* LaunchScreen.xib in Resources */,
				2B6B63CD1B9DD2BB005DD91F /* Images.xcassets in Resources */,
			);
			runOnlyForDeploymentPostprocessing = 0;
		};
		2B6B63D31B9DD2BB005DD91F /* Resources */ = {
			isa = PBXResourcesBuildPhase;
			buildActionMask = 2147483647;
			files = (
			);
			runOnlyForDeploymentPostprocessing = 0;
		};
/* End PBXResourcesBuildPhase section */

/* Begin PBXSourcesBuildPhase section */
		2B6B63BC1B9DD2BB005DD91F /* Sources */ = {
			isa = PBXSourcesBuildPhase;
			buildActionMask = 2147483647;
			files = (
				2BC1536F1BA28BD800A69CFB /* DonationDetail.swift in Sources */,
				2B54D1781B9EFCB300AC5990 /* ENSideMenuNavigationController.swift in Sources */,
				2B54D1771B9EFCB300AC5990 /* ENSideMenu.swift in Sources */,
				2BC153731BA28E0800A69CFB /* DetailDonationViewController.swift in Sources */,
				2B6B63C81B9DD2BB005DD91F /* ViewController.swift in Sources */,
				2B1DAAA11B9F031500A382B7 /* NavigationControllerMenu.swift in Sources */,
				2B554E7A1BA26065002CBB1D /* DonationTableViewController.swift in Sources */,
				2B1DAAA31B9F03AF00A382B7 /* MyMenuTableViewController.swift in Sources */,
				2B6B63C61B9DD2BB005DD91F /* AppDelegate.swift in Sources */,
			);
			runOnlyForDeploymentPostprocessing = 0;
		};
		2B6B63D11B9DD2BB005DD91F /* Sources */ = {
			isa = PBXSourcesBuildPhase;
			buildActionMask = 2147483647;
			files = (
				2B6B63DC1B9DD2BB005DD91F /* KrowdTests.swift in Sources */,
			);
			runOnlyForDeploymentPostprocessing = 0;
		};
/* End PBXSourcesBuildPhase section */

/* Begin PBXTargetDependency section */
		2B6B63D71B9DD2BB005DD91F /* PBXTargetDependency */ = {
			isa = PBXTargetDependency;
			target = 2B6B63BF1B9DD2BB005DD91F /* Krowd */;
			targetProxy = 2B6B63D61B9DD2BB005DD91F /* PBXContainerItemProxy */;
		};
/* End PBXTargetDependency section */

/* Begin PBXVariantGroup section */
		2B6B63C91B9DD2BB005DD91F /* Main.storyboard */ = {
			isa = PBXVariantGroup;
			children = (
				2B6B63CA1B9DD2BB005DD91F /* Base */,
			);
			name = Main.storyboard;
			sourceTree = "<group>";
		};
		2B6B63CE1B9DD2BB005DD91F /* LaunchScreen.xib */ = {
			isa = PBXVariantGroup;
			children = (
				2B6B63CF1B9DD2BB005DD91F /* Base */,
			);
			name = LaunchScreen.xib;
			sourceTree = "<group>";
		};
/* End PBXVariantGroup section */

/* Begin XCBuildConfiguration section */
		2B6B63DD1B9DD2BB005DD91F /* Debug */ = {
			isa = XCBuildConfiguration;
			buildSettings = {
				ALWAYS_SEARCH_USER_PATHS = NO;
				CLANG_CXX_LANGUAGE_STANDARD = "gnu++0x";
				CLANG_CXX_LIBRARY = "libc++";
				CLANG_ENABLE_MODULES = YES;
				CLANG_ENABLE_OBJC_ARC = YES;
				CLANG_WARN_BOOL_CONVERSION = YES;
				CLANG_WARN_CONSTANT_CONVERSION = YES;
				CLANG_WARN_DIRECT_OBJC_ISA_USAGE = YES_ERROR;
				CLANG_WARN_EMPTY_BODY = YES;
				CLANG_WARN_ENUM_CONVERSION = YES;
				CLANG_WARN_INT_CONVERSION = YES;
				CLANG_WARN_OBJC_ROOT_CLASS = YES_ERROR;
				CLANG_WARN_UNREACHABLE_CODE = YES;
				CLANG_WARN__DUPLICATE_METHOD_MATCH = YES;
				"CODE_SIGN_IDENTITY[sdk=iphoneos*]" = "iPhone Developer";
				COPY_PHASE_STRIP = NO;
				DEBUG_INFORMATION_FORMAT = "dwarf-with-dsym";
				ENABLE_STRICT_OBJC_MSGSEND = YES;
				GCC_C_LANGUAGE_STANDARD = gnu99;
				GCC_DYNAMIC_NO_PIC = NO;
				GCC_NO_COMMON_BLOCKS = YES;
				GCC_OPTIMIZATION_LEVEL = 0;
				GCC_PREPROCESSOR_DEFINITIONS = (
					"DEBUG=1",
					"$(inherited)",
				);
				GCC_SYMBOLS_PRIVATE_EXTERN = NO;
				GCC_WARN_64_TO_32_BIT_CONVERSION = YES;
				GCC_WARN_ABOUT_RETURN_TYPE = YES_ERROR;
				GCC_WARN_UNDECLARED_SELECTOR = YES;
				GCC_WARN_UNINITIALIZED_AUTOS = YES_AGGRESSIVE;
				GCC_WARN_UNUSED_FUNCTION = YES;
				GCC_WARN_UNUSED_VARIABLE = YES;
				IPHONEOS_DEPLOYMENT_TARGET = 8.4;
				MTL_ENABLE_DEBUG_INFO = YES;
				ONLY_ACTIVE_ARCH = YES;
				SDKROOT = iphoneos;
				SWIFT_OPTIMIZATION_LEVEL = "-Onone";
			};
			name = Debug;
		};
		2B6B63DE1B9DD2BB005DD91F /* Release */ = {
			isa = XCBuildConfiguration;
			buildSettings = {
				ALWAYS_SEARCH_USER_PATHS = NO;
				CLANG_CXX_LANGUAGE_STANDARD = "gnu++0x";
				CLANG_CXX_LIBRARY = "libc++";
				CLANG_ENABLE_MODULES = YES;
				CLANG_ENABLE_OBJC_ARC = YES;
				CLANG_WARN_BOOL_CONVERSION = YES;
				CLANG_WARN_CONSTANT_CONVERSION = YES;
				CLANG_WARN_DIRECT_OBJC_ISA_USAGE = YES_ERROR;
				CLANG_WARN_EMPTY_BODY = YES;
				CLANG_WARN_ENUM_CONVERSION = YES;
				CLANG_WARN_INT_CONVERSION = YES;
				CLANG_WARN_OBJC_ROOT_CLASS = YES_ERROR;
				CLANG_WARN_UNREACHABLE_CODE = YES;
				CLANG_WARN__DUPLICATE_METHOD_MATCH = YES;
				"CODE_SIGN_IDENTITY[sdk=iphoneos*]" = "iPhone Developer";
				COPY_PHASE_STRIP = NO;
				DEBUG_INFORMATION_FORMAT = "dwarf-with-dsym";
				ENABLE_NS_ASSERTIONS = NO;
				ENABLE_STRICT_OBJC_MSGSEND = YES;
				GCC_C_LANGUAGE_STANDARD = gnu99;
				GCC_NO_COMMON_BLOCKS = YES;
				GCC_WARN_64_TO_32_BIT_CONVERSION = YES;
				GCC_WARN_ABOUT_RETURN_TYPE = YES_ERROR;
				GCC_WARN_UNDECLARED_SELECTOR = YES;
				GCC_WARN_UNINITIALIZED_AUTOS = YES_AGGRESSIVE;
				GCC_WARN_UNUSED_FUNCTION = YES;
				GCC_WARN_UNUSED_VARIABLE = YES;
				IPHONEOS_DEPLOYMENT_TARGET = 8.4;
				MTL_ENABLE_DEBUG_INFO = NO;
				SDKROOT = iphoneos;
				VALIDATE_PRODUCT = YES;
			};
			name = Release;
		};
		2B6B63E01B9DD2BB005DD91F /* Debug */ = {
			isa = XCBuildConfiguration;
			buildSettings = {
				ASSETCATALOG_COMPILER_APPICON_NAME = AppIcon;
				INFOPLIST_FILE = Krowd/Info.plist;
				LD_RUNPATH_SEARCH_PATHS = "$(inherited) @executable_path/Frameworks";
				PRODUCT_NAME = "$(TARGET_NAME)";
			};
			name = Debug;
		};
		2B6B63E11B9DD2BB005DD91F /* Release */ = {
			isa = XCBuildConfiguration;
			buildSettings = {
				ASSETCATALOG_COMPILER_APPICON_NAME = AppIcon;
				INFOPLIST_FILE = Krowd/Info.plist;
				LD_RUNPATH_SEARCH_PATHS = "$(inherited) @executable_path/Frameworks";
				PRODUCT_NAME = "$(TARGET_NAME)";
			};
			name = Release;
		};
		2B6B63E31B9DD2BB005DD91F /* Debug */ = {
			isa = XCBuildConfiguration;
			buildSettings = {
				BUNDLE_LOADER = "$(TEST_HOST)";
				FRAMEWORK_SEARCH_PATHS = (
					"$(SDKROOT)/Developer/Library/Frameworks",
					"$(inherited)",
				);
				GCC_PREPROCESSOR_DEFINITIONS = (
					"DEBUG=1",
					"$(inherited)",
				);
				INFOPLIST_FILE = KrowdTests/Info.plist;
				LD_RUNPATH_SEARCH_PATHS = "$(inherited) @executable_path/Frameworks @loader_path/Frameworks";
				PRODUCT_NAME = "$(TARGET_NAME)";
				TEST_HOST = "$(BUILT_PRODUCTS_DIR)/Krowd.app/Krowd";
			};
			name = Debug;
		};
		2B6B63E41B9DD2BB005DD91F /* Release */ = {
			isa = XCBuildConfiguration;
			buildSettings = {
				BUNDLE_LOADER = "$(TEST_HOST)";
				FRAMEWORK_SEARCH_PATHS = (
					"$(SDKROOT)/Developer/Library/Frameworks",
					"$(inherited)",
				);
				INFOPLIST_FILE = KrowdTests/Info.plist;
				LD_RUNPATH_SEARCH_PATHS = "$(inherited) @executable_path/Frameworks @loader_path/Frameworks";
				PRODUCT_NAME = "$(TARGET_NAME)";
				TEST_HOST = "$(BUILT_PRODUCTS_DIR)/Krowd.app/Krowd";
			};
			name = Release;
		};
/* End XCBuildConfiguration section */

/* Begin XCConfigurationList section */
		2B6B63BB1B9DD2BB005DD91F /* Build configuration list for PBXProject "Krowd" */ = {
			isa = XCConfigurationList;
			buildConfigurations = (
				2B6B63DD1B9DD2BB005DD91F /* Debug */,
				2B6B63DE1B9DD2BB005DD91F /* Release */,
			);
			defaultConfigurationIsVisible = 0;
			defaultConfigurationName = Release;
		};
		2B6B63DF1B9DD2BB005DD91F /* Build configuration list for PBXNativeTarget "Krowd" */ = {
			isa = XCConfigurationList;
			buildConfigurations = (
				2B6B63E01B9DD2BB005DD91F /* Debug */,
				2B6B63E11B9DD2BB005DD91F /* Release */,
			);
			defaultConfigurationIsVisible = 0;
			defaultConfigurationName = Release;
		};
		2B6B63E21B9DD2BB005DD91F /* Build configuration list for PBXNativeTarget "KrowdTests" */ = {
			isa = XCConfigurationList;
			buildConfigurations = (
				2B6B63E31B9DD2BB005DD91F /* Debug */,
				2B6B63E41B9DD2BB005DD91F /* Release */,
			);
			defaultConfigurationIsVisible = 0;
			defaultConfigurationName = Release;
		};
/* End XCConfigurationList section */
	};
	rootObject = 2B6B63B81B9DD2BB005DD91F /* Project object */;
}
